
Microsoft Visual Studio Solution File, Format Version 12.00
# Visual Studio Version 16
VisualStudioVersion = 16.0.30907.101
MinimumVisualStudioVersion = 10.0.40219.1
Project("{FAE04EC0-301F-11D3-BF4B-00C04F79EFBC}") = "OOP_4SEM_3", "OOP_4SEM_3.csproj", "{203709EF-ACE8-46E1-B962-27376F9D8838}"
EndProject
Global
	GlobalSection(SolutionConfigurationPlatforms) = preSolution
		Debug|Any CPU = Debug|Any CPU
		Release|Any CPU = Release|Any CPU
	EndGlobalSection
	GlobalSection(ProjectConfigurationPlatforms) = postSolution
		{203709EF-ACE8-46E1-B962-27376F9D8838}.Debug|Any CPU.ActiveCfg = Debug|Any CPU
		{203709EF-ACE8-46E1-B962-27376F9D8838}.Debug|Any CPU.Build.0 = Debug|Any CPU
		{203709EF-ACE8-46E1-B962-27376F9D8838}.Release|Any CPU.ActiveCfg = Release|Any CPU
		{203709EF-ACE8-46E1-B962-27376F9D8838}.Release|Any CPU.Build.0 = Release|Any CPU
	EndGlobalSection
	GlobalSection(SolutionProperties) = preSolution
		HideSolutionNode = FALSE
	EndGlobalSection
	GlobalSection(ExtensibilityGlobals) = postSolution
		SolutionGuid = {C3CC6E62-0ABA-4CA5-A596-CF96106A79D4}
	EndGlobalSection
EndGlobal
